// !$*UTF8*$!
{
	archiveVersion = 1;
	classes = {
	};
	objectVersion = 55;
	objects = {

/* Begin PBXBuildFile section */
		AC2EF6E32737E76300C4BCEC /* WeatherButton.swift in Sources */ = {isa = PBXBuildFile; fileRef = AC2EF6E22737E76300C4BCEC /* WeatherButton.swift */; };
		AC8858622737069700C4C0B7 /* mawinguApp.swift in Sources */ = {isa = PBXBuildFile; fileRef = AC8858612737069700C4C0B7 /* mawinguApp.swift */; };
		AC8858642737069700C4C0B7 /* ContentView.swift in Sources */ = {isa = PBXBuildFile; fileRef = AC8858632737069700C4C0B7 /* ContentView.swift */; };
		AC8858662737069900C4C0B7 /* Assets.xcassets in Resources */ = {isa = PBXBuildFile; fileRef = AC8858652737069900C4C0B7 /* Assets.xcassets */; };
		AC8858692737069900C4C0B7 /* Preview Assets.xcassets in Resources */ = {isa = PBXBuildFile; fileRef = AC8858682737069900C4C0B7 /* Preview Assets.xcassets */; };
		AC8858732737069A00C4C0B7 /* mawinguTests.swift in Sources */ = {isa = PBXBuildFile; fileRef = AC8858722737069A00C4C0B7 /* mawinguTests.swift */; };
		AC88587D2737069A00C4C0B7 /* mawinguUITests.swift in Sources */ = {isa = PBXBuildFile; fileRef = AC88587C2737069A00C4C0B7 /* mawinguUITests.swift */; };
		AC88587F2737069A00C4C0B7 /* mawinguUITestsLaunchTests.swift in Sources */ = {isa = PBXBuildFile; fileRef = AC88587E2737069A00C4C0B7 /* mawinguUITestsLaunchTests.swift */; };
/* End PBXBuildFile section */

/* Begin PBXContainerItemProxy section */
		AC88586F2737069A00C4C0B7 /* PBXContainerItemProxy */ = {
			isa = PBXContainerItemProxy;
			containerPortal = AC8858562737069700C4C0B7 /* Project object */;
			proxyType = 1;
			remoteGlobalIDString = AC88585D2737069700C4C0B7;
			remoteInfo = mawingu;
		};
		AC8858792737069A00C4C0B7 /* PBXContainerItemProxy */ = {
			isa = PBXContainerItemProxy;
			containerPortal = AC8858562737069700C4C0B7 /* Project object */;
			proxyType = 1;
			remoteGlobalIDString = AC88585D2737069700C4C0B7;
			remoteInfo = mawingu;
		};
/* End PBXContainerItemProxy section */

/* Begin PBXFileReference section */
		AC2EF6E22737E76300C4BCEC /* WeatherButton.swift */ = {isa = PBXFileReference; lastKnownFileType = sourcecode.swift; path = WeatherButton.swift; sourceTree = "<group>"; };
		AC88585E2737069700C4C0B7 /* mawingu.app */ = {isa = PBXFileReference; explicitFileType = wrapper.application; includeInIndex = 0; path = mawingu.app; sourceTree = BUILT_PRODUCTS_DIR; };
		AC8858612737069700C4C0B7 /* mawinguApp.swift */ = {isa = PBXFileReference; lastKnownFileType = sourcecode.swift; path = mawinguApp.swift; sourceTree = "<group>"; };
		AC8858632737069700C4C0B7 /* ContentView.swift */ = {isa = PBXFileReference; lastKnownFileType = sourcecode.swift; path = ContentView.swift; sourceTree = "<group>"; };
		AC8858652737069900C4C0B7 /* Assets.xcassets */ = {isa = PBXFileReference; lastKnownFileType = folder.assetcatalog; path = Assets.xcassets; sourceTree = "<group>"; };
		AC8858682737069900C4C0B7 /* Preview Assets.xcassets */ = {isa = PBXFileReference; lastKnownFileType = folder.assetcatalog; path = "Preview Assets.xcassets"; sourceTree = "<group>"; };
		AC88586E2737069A00C4C0B7 /* mawinguTests.xctest */ = {isa = PBXFileReference; explicitFileType = wrapper.cfbundle; includeInIndex = 0; path = mawinguTests.xctest; sourceTree = BUILT_PRODUCTS_DIR; };
		AC8858722737069A00C4C0B7 /* mawinguTests.swift */ = {isa = PBXFileReference; lastKnownFileType = sourcecode.swift; path = mawinguTests.swift; sourceTree = "<group>"; };
		AC8858782737069A00C4C0B7 /* mawinguUITests.xctest */ = {isa = PBXFileReference; explicitFileType = wrapper.cfbundle; includeInIndex = 0; path = mawinguUITests.xctest; sourceTree = BUILT_PRODUCTS_DIR; };
		AC88587C2737069A00C4C0B7 /* mawinguUITests.swift */ = {isa = PBXFileReference; lastKnownFileType = sourcecode.swift; path = mawinguUITests.swift; sourceTree = "<group>"; };
		AC88587E2737069A00C4C0B7 /* mawinguUITestsLaunchTests.swift */ = {isa = PBXFileReference; lastKnownFileType = sourcecode.swift; path = mawinguUITestsLaunchTests.swift; sourceTree = "<group>"; };
/* End PBXFileReference section */

/* Begin PBXFrameworksBuildPhase section */
		AC88585B2737069700C4C0B7 /* Frameworks */ = {
			isa = PBXFrameworksBuildPhase;
			buildActionMask = 2147483647;
			files = (
			);
			runOnlyForDeploymentPostprocessing = 0;
		};
		AC88586B2737069A00C4C0B7 /* Frameworks */ = {
			isa = PBXFrameworksBuildPhase;
			buildActionMask = 2147483647;
			files = (
			);
			runOnlyForDeploymentPostprocessing = 0;
		};
		AC8858752737069A00C4C0B7 /* Frameworks */ = {
			isa = PBXFrameworksBuildPhase;
			buildActionMask = 2147483647;
			files = (
			);
			runOnlyForDeploymentPostprocessing = 0;
		};
/* End PBXFrameworksBuildPhase section */

/* Begin PBXGroup section */
		AC8858552737069700C4C0B7 = {
			isa = PBXGroup;
			children = (
				AC8858602737069700C4C0B7 /* mawingu */,
				AC8858712737069A00C4C0B7 /* mawinguTests */,
				AC88587B2737069A00C4C0B7 /* mawinguUITests */,
				AC88585F2737069700C4C0B7 /* Products */,
			);
			sourceTree = "<group>";
		};
		AC88585F2737069700C4C0B7 /* Products */ = {
			isa = PBXGroup;
			children = (
				AC88585E2737069700C4C0B7 /* mawingu.app */,
				AC88586E2737069A00C4C0B7 /* mawinguTests.xctest */,
				AC8858782737069A00C4C0B7 /* mawinguUITests.xctest */,
			);
			name = Products;
			sourceTree = "<group>";
		};
		AC8858602737069700C4C0B7 /* mawingu */ = {
			isa = PBXGroup;
			children = (
				AC8858632737069700C4C0B7 /* ContentView.swift */,
				AC8858612737069700C4C0B7 /* mawinguApp.swift */,
				AC2EF6E22737E76300C4BCEC /* WeatherButton.swift */,
				AC8858652737069900C4C0B7 /* Assets.xcassets */,
				AC8858672737069900C4C0B7 /* Preview Content */,
			);
			path = mawingu;
			sourceTree = "<group>";
		};
		AC8858672737069900C4C0B7 /* Preview Content */ = {
			isa = PBXGroup;
			children = (
				AC8858682737069900C4C0B7 /* Preview Assets.xcassets */,
			);
			path = "Preview Content";
			sourceTree = "<group>";
		};
		AC8858712737069A00C4C0B7 /* mawinguTests */ = {
			isa = PBXGroup;
			children = (
				AC8858722737069A00C4C0B7 /* mawinguTests.swift */,
			);
			path = mawinguTests;
			sourceTree = "<group>";
		};
		AC88587B2737069A00C4C0B7 /* mawinguUITests */ = {
			isa = PBXGroup;
			children = (
				AC88587C2737069A00C4C0B7 /* mawinguUITests.swift */,
				AC88587E2737069A00C4C0B7 /* mawinguUITestsLaunchTests.swift */,
			);
			path = mawinguUITests;
			sourceTree = "<group>";
		};
/* End PBXGroup section */

/* Begin PBXNativeTarget section */
		AC88585D2737069700C4C0B7 /* mawingu */ = {
			isa = PBXNativeTarget;
			buildConfigurationList = AC8858822737069A00C4C0B7 /* Build configuration list for PBXNativeTarget "mawingu" */;
			buildPhases = (
				AC88585A2737069700C4C0B7 /* Sources */,
				AC88585B2737069700C4C0B7 /* Frameworks */,
				AC88585C2737069700C4C0B7 /* Resources */,
			);
			buildRules = (
			);
			dependencies = (
			);
			name = mawingu;
			productName = mawingu;
			productReference = AC88585E2737069700C4C0B7 /* mawingu.app */;
			productType = "com.apple.product-type.application";
		};
		AC88586D2737069A00C4C0B7 /* mawinguTests */ = {
			isa = PBXNativeTarget;
			buildConfigurationList = AC8858852737069A00C4C0B7 /* Build configuration list for PBXNativeTarget "mawinguTests" */;
			buildPhases = (
				AC88586A2737069A00C4C0B7 /* Sources */,
				AC88586B2737069A00C4C0B7 /* Frameworks */,
				AC88586C2737069A00C4C0B7 /* Resources */,
			);
			buildRules = (
			);
			dependencies = (
				AC8858702737069A00C4C0B7 /* PBXTargetDependency */,
			);
			name = mawinguTests;
			productName = mawinguTests;
			productReference = AC88586E2737069A00C4C0B7 /* mawinguTests.xctest */;
			productType = "com.apple.product-type.bundle.unit-test";
		};
		AC8858772737069A00C4C0B7 /* mawinguUITests */ = {
			isa = PBXNativeTarget;
			buildConfigurationList = AC8858882737069A00C4C0B7 /* Build configuration list for PBXNativeTarget "mawinguUITests" */;
			buildPhases = (
				AC8858742737069A00C4C0B7 /* Sources */,
				AC8858752737069A00C4C0B7 /* Frameworks */,
				AC8858762737069A00C4C0B7 /* Resources */,
			);
			buildRules = (
			);
			dependencies = (
				AC88587A2737069A00C4C0B7 /* PBXTargetDependency */,
			);
			name = mawinguUITests;
			productName = mawinguUITests;
			productReference = AC8858782737069A00C4C0B7 /* mawinguUITests.xctest */;
			productType = "com.apple.product-type.bundle.ui-testing";
		};
/* End PBXNativeTarget section */

/* Begin PBXProject section */
		AC8858562737069700C4C0B7 /* Project object */ = {
			isa = PBXProject;
			attributes = {
				BuildIndependentTargetsInParallel = 1;
				LastSwiftUpdateCheck = 1300;
				LastUpgradeCheck = 1300;
				TargetAttributes = {
					AC88585D2737069700C4C0B7 = {
						CreatedOnToolsVersion = 13.0;
					};
					AC88586D2737069A00C4C0B7 = {
						CreatedOnToolsVersion = 13.0;
						TestTargetID = AC88585D2737069700C4C0B7;
					};
					AC8858772737069A00C4C0B7 = {
						CreatedOnToolsVersion = 13.0;
						TestTargetID = AC88585D2737069700C4C0B7;
					};
				};
			};
			buildConfigurationList = AC8858592737069700C4C0B7 /* Build configuration list for PBXProject "mawingu" */;
			compatibilityVersion = "Xcode 13.0";
			developmentRegion = en;
			hasScannedForEncodings = 0;
			knownRegions = (
				en,
				Base,
			);
			mainGroup = AC8858552737069700C4C0B7;
			productRefGroup = AC88585F2737069700C4C0B7 /* Products */;
			projectDirPath = "";
			projectRoot = "";
			targets = (
				AC88585D2737069700C4C0B7 /* mawingu */,
				AC88586D2737069A00C4C0B7 /* mawinguTests */,
				AC8858772737069A00C4C0B7 /* mawinguUITests */,
			);
		};
/* End PBXProject section */

/* Begin PBXResourcesBuildPhase section */
		AC88585C2737069700C4C0B7 /* Resources */ = {
			isa = PBXResourcesBuildPhase;
			buildActionMask = 2147483647;
			files = (
				AC8858692737069900C4C0B7 /* Preview Assets.xcassets in Resources */,
				AC8858662737069900C4C0B7 /* Assets.xcassets in Resources */,
			);
			runOnlyForDeploymentPostprocessing = 0;
		};
		AC88586C2737069A00C4C0B7 /* Resources */ = {
			isa = PBXResourcesBuildPhase;
			buildActionMask = 2147483647;
			files = (
			);
			runOnlyForDeploymentPostprocessing = 0;
		};
		AC8858762737069A00C4C0B7 /* Resources */ = {
			isa = PBXResourcesBuildPhase;
			buildActionMask = 2147483647;
			files = (
			);
			runOnlyForDeploymentPostprocessing = 0;
		};
/* End PBXResourcesBuildPhase section */

/* Begin PBXSourcesBuildPhase section */
		AC88585A2737069700C4C0B7 /* Sources */ = {
			isa = PBXSourcesBuildPhase;
			buildActionMask = 2147483647;
			files = (
				AC8858642737069700C4C0B7 /* ContentView.swift in Sources */,
				AC8858622737069700C4C0B7 /* mawinguApp.swift in Sources */,
				AC2EF6E32737E76300C4BCEC /* WeatherButton.swift in Sources */,
			);
			runOnlyForDeploymentPostprocessing = 0;
		};
		AC88586A2737069A00C4C0B7 /* Sources */ = {
			isa = PBXSourcesBuildPhase;
			buildActionMask = 2147483647;
			files = (
				AC8858732737069A00C4C0B7 /* mawinguTests.swift in Sources */,
			);
			runOnlyForDeploymentPostprocessing = 0;
		};
		AC8858742737069A00C4C0B7 /* Sources */ = {
			isa = PBXSourcesBuildPhase;
			buildActionMask = 2147483647;
			files = (
				AC88587D2737069A00C4C0B7 /* mawinguUITests.swift in Sources */,
				AC88587F2737069A00C4C0B7 /* mawinguUITestsLaunchTests.swift in Sources */,
			);
			runOnlyForDeploymentPostprocessing = 0;
		};
/* End PBXSourcesBuildPhase section */

/* Begin PBXTargetDependency section */
		AC8858702737069A00C4C0B7 /* PBXTargetDependency */ = {
			isa = PBXTargetDependency;
			target = AC88585D2737069700C4C0B7 /* mawingu */;
			targetProxy = AC88586F2737069A00C4C0B7 /* PBXContainerItemProxy */;
		};
		AC88587A2737069A00C4C0B7 /* PBXTargetDependency */ = {
			isa = PBXTargetDependency;
			target = AC88585D2737069700C4C0B7 /* mawingu */;
			targetProxy = AC8858792737069A00C4C0B7 /* PBXContainerItemProxy */;
		};
/* End PBXTargetDependency section */

/* Begin XCBuildConfiguration section */
		AC8858802737069A00C4C0B7 /* Debug */ = {
			isa = XCBuildConfiguration;
			buildSettings = {
				ALWAYS_SEARCH_USER_PATHS = NO;
				CLANG_ANALYZER_NONNULL = YES;
				CLANG_ANALYZER_NUMBER_OBJECT_CONVERSION = YES_AGGRESSIVE;
				CLANG_CXX_LANGUAGE_STANDARD = "gnu++17";
				CLANG_CXX_LIBRARY = "libc++";
				CLANG_ENABLE_MODULES = YES;
				CLANG_ENABLE_OBJC_ARC = YES;
				CLANG_ENABLE_OBJC_WEAK = YES;
				CLANG_WARN_BLOCK_CAPTURE_AUTORELEASING = YES;
				CLANG_WARN_BOOL_CONVERSION = YES;
				CLANG_WARN_COMMA = YES;
				CLANG_WARN_CONSTANT_CONVERSION = YES;
				CLANG_WARN_DEPRECATED_OBJC_IMPLEMENTATIONS = YES;
				CLANG_WARN_DIRECT_OBJC_ISA_USAGE = YES_ERROR;
				CLANG_WARN_DOCUMENTATION_COMMENTS = YES;
				CLANG_WARN_EMPTY_BODY = YES;
				CLANG_WARN_ENUM_CONVERSION = YES;
				CLANG_WARN_INFINITE_RECURSION = YES;
				CLANG_WARN_INT_CONVERSION = YES;
				CLANG_WARN_NON_LITERAL_NULL_CONVERSION = YES;
				CLANG_WARN_OBJC_IMPLICIT_RETAIN_SELF = YES;
				CLANG_WARN_OBJC_LITERAL_CONVERSION = YES;
				CLANG_WARN_OBJC_ROOT_CLASS = YES_ERROR;
				CLANG_WARN_QUOTED_INCLUDE_IN_FRAMEWORK_HEADER = YES;
				CLANG_WARN_RANGE_LOOP_ANALYSIS = YES;
				CLANG_WARN_STRICT_PROTOTYPES = YES;
				CLANG_WARN_SUSPICIOUS_MOVE = YES;
				CLANG_WARN_UNGUARDED_AVAILABILITY = YES_AGGRESSIVE;
				CLANG_WARN_UNREACHABLE_CODE = YES;
				CLANG_WARN__DUPLICATE_METHOD_MATCH = YES;
				COPY_PHASE_STRIP = NO;
				DEBUG_INFORMATION_FORMAT = dwarf;
				ENABLE_STRICT_OBJC_MSGSEND = YES;
				ENABLE_TESTABILITY = YES;
				GCC_C_LANGUAGE_STANDARD = gnu11;
				GCC_DYNAMIC_NO_PIC = NO;
				GCC_NO_COMMON_BLOCKS = YES;
				GCC_OPTIMIZATION_LEVEL = 0;
				GCC_PREPROCESSOR_DEFINITIONS = (
					"DEBUG=1",
					"$(inherited)",
				);
				GCC_WARN_64_TO_32_BIT_CONVERSION = YES;
				GCC_WARN_ABOUT_RETURN_TYPE = YES_ERROR;
				GCC_WARN_UNDECLARED_SELECTOR = YES;
				GCC_WARN_UNINITIALIZED_AUTOS = YES_AGGRESSIVE;
				GCC_WARN_UNUSED_FUNCTION = YES;
				GCC_WARN_UNUSED_VARIABLE = YES;
				IPHONEOS_DEPLOYMENT_TARGET = 15.0;
				MTL_ENABLE_DEBUG_INFO = INCLUDE_SOURCE;
				MTL_FAST_MATH = YES;
				ONLY_ACTIVE_ARCH = YES;
				SDKROOT = iphoneos;
				SWIFT_ACTIVE_COMPILATION_CONDITIONS = DEBUG;
				SWIFT_OPTIMIZATION_LEVEL = "-Onone";
			};
			name = Debug;
		};
		AC8858812737069A00C4C0B7 /* Release */ = {
			isa = XCBuildConfiguration;
			buildSettings = {
				ALWAYS_SEARCH_USER_PATHS = NO;
				CLANG_ANALYZER_NONNULL = YES;
				CLANG_ANALYZER_NUMBER_OBJECT_CONVERSION = YES_AGGRESSIVE;
				CLANG_CXX_LANGUAGE_STANDARD = "gnu++17";
				CLANG_CXX_LIBRARY = "libc++";
				CLANG_ENABLE_MODULES = YES;
				CLANG_ENABLE_OBJC_ARC = YES;
				CLANG_ENABLE_OBJC_WEAK = YES;
				CLANG_WARN_BLOCK_CAPTURE_AUTORELEASING = YES;
				CLANG_WARN_BOOL_CONVERSION = YES;
				CLANG_WARN_COMMA = YES;
				CLANG_WARN_CONSTANT_CONVERSION = YES;
				CLANG_WARN_DEPRECATED_OBJC_IMPLEMENTATIONS = YES;
				CLANG_WARN_DIRECT_OBJC_ISA_USAGE = YES_ERROR;
				CLANG_WARN_DOCUMENTATION_COMMENTS = YES;
				CLANG_WARN_EMPTY_BODY = YES;
				CLANG_WARN_ENUM_CONVERSION = YES;
				CLANG_WARN_INFINITE_RECURSION = YES;
				CLANG_WARN_INT_CONVERSION = YES;
				CLANG_WARN_NON_LITERAL_NULL_CONVERSION = YES;
				CLANG_WARN_OBJC_IMPLICIT_RETAIN_SELF = YES;
				CLANG_WARN_OBJC_LITERAL_CONVERSION = YES;
				CLANG_WARN_OBJC_ROOT_CLASS = YES_ERROR;
				CLANG_WARN_QUOTED_INCLUDE_IN_FRAMEWORK_HEADER = YES;
				CLANG_WARN_RANGE_LOOP_ANALYSIS = YES;
				CLANG_WARN_STRICT_PROTOTYPES = YES;
				CLANG_WARN_SUSPICIOUS_MOVE = YES;
				CLANG_WARN_UNGUARDED_AVAILABILITY = YES_AGGRESSIVE;
				CLANG_WARN_UNREACHABLE_CODE = YES;
				CLANG_WARN__DUPLICATE_METHOD_MATCH = YES;
				COPY_PHASE_STRIP = NO;
				DEBUG_INFORMATION_FORMAT = "dwarf-with-dsym";
				ENABLE_NS_ASSERTIONS = NO;
				ENABLE_STRICT_OBJC_MSGSEND = YES;
				GCC_C_LANGUAGE_STANDARD = gnu11;
				GCC_NO_COMMON_BLOCKS = YES;
				GCC_WARN_64_TO_32_BIT_CONVERSION = YES;
				GCC_WARN_ABOUT_RETURN_TYPE = YES_ERROR;
				GCC_WARN_UNDECLARED_SELECTOR = YES;
				GCC_WARN_UNINITIALIZED_AUTOS = YES_AGGRESSIVE;
				GCC_WARN_UNUSED_FUNCTION = YES;
				GCC_WARN_UNUSED_VARIABLE = YES;
				IPHONEOS_DEPLOYMENT_TARGET = 15.0;
				MTL_ENABLE_DEBUG_INFO = NO;
				MTL_FAST_MATH = YES;
				SDKROOT = iphoneos;
				SWIFT_COMPILATION_MODE = wholemodule;
				SWIFT_OPTIMIZATION_LEVEL = "-O";
				VALIDATE_PRODUCT = YES;
			};
			name = Release;
		};
		AC8858832737069A00C4C0B7 /* Debug */ = {
			isa = XCBuildConfiguration;
			buildSettings = {
				ASSETCATALOG_COMPILER_APPICON_NAME = AppIcon;
				ASSETCATALOG_COMPILER_GLOBAL_ACCENT_COLOR_NAME = AccentColor;
				CODE_SIGN_STYLE = Automatic;
				CURRENT_PROJECT_VERSION = 1;
				DEVELOPMENT_ASSET_PATHS = "\"mawingu/Preview Content\"";
				ENABLE_PREVIEWS = YES;
				GENERATE_INFOPLIST_FILE = YES;
				INFOPLIST_KEY_UIApplicationSceneManifest_Generation = YES;
				INFOPLIST_KEY_UIApplicationSupportsIndirectInputEvents = YES;
				INFOPLIST_KEY_UILaunchScreen_Generation = YES;
				INFOPLIST_KEY_UISupportedInterfaceOrientations_iPad = "UIInterfaceOrientationPortrait UIInterfaceOrientationPortraitUpsideDown UIInterfaceOrientationLandscapeLeft UIInterfaceOrientationLandscapeRight";
				INFOPLIST_KEY_UISupportedInterfaceOrientations_iPhone = "UIInterfaceOrientationPortrait UIInterfaceOrientationLandscapeLeft UIInterfaceOrientationLandscapeRight";
				IPHONEOS_DEPLOYMENT_TARGET = 14.0;
				LD_RUNPATH_SEARCH_PATHS = (
					"$(inherited)",
					"@executable_path/Frameworks",
				);
				MARKETING_VERSION = 1.0;
				PRODUCT_BUNDLE_IDENTIFIER = mawingu.mawingu;
				PRODUCT_NAME = "$(TARGET_NAME)";
				SWIFT_EMIT_LOC_STRINGS = YES;
				SWIFT_VERSION = 5.0;
				TARGETED_DEVICE_FAMILY = "1,2";
			};
			name = Debug;
		};
		AC8858842737069A00C4C0B7 /* Release */ = {
			isa = XCBuildConfiguration;
			buildSettings = {
				ASSETCATALOG_COMPILER_APPICON_NAME = AppIcon;
				ASSETCATALOG_COMPILER_GLOBAL_ACCENT_COLOR_NAME = AccentColor;
				CODE_SIGN_STYLE = Automatic;
				CURRENT_PROJECT_VERSION = 1;
				DEVELOPMENT_ASSET_PATHS = "\"mawingu/Preview Content\"";
				ENABLE_PREVIEWS = YES;
				GENERATE_INFOPLIST_FILE = YES;
				INFOPLIST_KEY_UIApplicationSceneManifest_Generation = YES;
				INFOPLIST_KEY_UIApplicationSupportsIndirectInputEvents = YES;
				INFOPLIST_KEY_UILaunchScreen_Generation = YES;
				INFOPLIST_KEY_UISupportedInterfaceOrientations_iPad = "UIInterfaceOrientationPortrait UIInterfaceOrientationPortraitUpsideDown UIInterfaceOrientationLandscapeLeft UIInterfaceOrientationLandscapeRight";
				INFOPLIST_KEY_UISupportedInterfaceOrientations_iPhone = "UIInterfaceOrientationPortrait UIInterfaceOrientationLandscapeLeft UIInterfaceOrientationLandscapeRight";
				IPHONEOS_DEPLOYMENT_TARGET = 14.0;
				LD_RUNPATH_SEARCH_PATHS = (
					"$(inherited)",
					"@executable_path/Frameworks",
				);
				MARKETING_VERSION = 1.0;
				PRODUCT_BUNDLE_IDENTIFIER = mawingu.mawingu;
				PRODUCT_NAME = "$(TARGET_NAME)";
				SWIFT_EMIT_LOC_STRINGS = YES;
				SWIFT_VERSION = 5.0;
				TARGETED_DEVICE_FAMILY = "1,2";
			};
			name = Release;
		};
		AC8858862737069A00C4C0B7 /* Debug */ = {
			isa = XCBuildConfiguration;
			buildSettings = {
				ALWAYS_EMBED_SWIFT_STANDARD_LIBRARIES = YES;
				BUNDLE_LOADER = "$(TEST_HOST)";
				CODE_SIGN_STYLE = Automatic;
				CURRENT_PROJECT_VERSION = 1;
				GENERATE_INFOPLIST_FILE = YES;
				IPHONEOS_DEPLOYMENT_TARGET = 14.0;
				LD_RUNPATH_SEARCH_PATHS = (
					"$(inherited)",
					"@executable_path/Frameworks",
					"@loader_path/Frameworks",
				);
				MARKETING_VERSION = 1.0;
				PRODUCT_BUNDLE_IDENTIFIER = mawingu.mawinguTests;
				PRODUCT_NAME = "$(TARGET_NAME)";
				SWIFT_EMIT_LOC_STRINGS = NO;
				SWIFT_VERSION = 5.0;
				TARGETED_DEVICE_FAMILY = "1,2";
				TEST_HOST = "$(BUILT_PRODUCTS_DIR)/mawingu.app/mawingu";
			};
			name = Debug;
		};
		AC8858872737069A00C4C0B7 /* Release */ = {
			isa = XCBuildConfiguration;
			buildSettings = {
				ALWAYS_EMBED_SWIFT_STANDARD_LIBRARIES = YES;
				BUNDLE_LOADER = "$(TEST_HOST)";
				CODE_SIGN_STYLE = Automatic;
				CURRENT_PROJECT_VERSION = 1;
				GENERATE_INFOPLIST_FILE = YES;
				IPHONEOS_DEPLOYMENT_TARGET = 14.0;
				LD_RUNPATH_SEARCH_PATHS = (
					"$(inherited)",
					"@executable_path/Frameworks",
					"@loader_path/Frameworks",
				);
				MARKETING_VERSION = 1.0;
				PRODUCT_BUNDLE_IDENTIFIER = mawingu.mawinguTests;
				PRODUCT_NAME = "$(TARGET_NAME)";
				SWIFT_EMIT_LOC_STRINGS = NO;
				SWIFT_VERSION = 5.0;
				TARGETED_DEVICE_FAMILY = "1,2";
				TEST_HOST = "$(BUILT_PRODUCTS_DIR)/mawingu.app/mawingu";
			};
			name = Release;
		};
		AC8858892737069A00C4C0B7 /* Debug */ = {
			isa = XCBuildConfiguration;
			buildSettings = {
				ALWAYS_EMBED_SWIFT_STANDARD_LIBRARIES = YES;
				CODE_SIGN_STYLE = Automatic;
				CURRENT_PROJECT_VERSION = 1;
				GENERATE_INFOPLIST_FILE = YES;
				LD_RUNPATH_SEARCH_PATHS = (
					"$(inherited)",
					"@executable_path/Frameworks",
					"@loader_path/Frameworks",
				);
				MARKETING_VERSION = 1.0;
				PRODUCT_BUNDLE_IDENTIFIER = mawingu.mawinguUITests;
				PRODUCT_NAME = "$(TARGET_NAME)";
				SWIFT_EMIT_LOC_STRINGS = NO;
				SWIFT_VERSION = 5.0;
				TARGETED_DEVICE_FAMILY = "1,2";
				TEST_TARGET_NAME = mawingu;
			};
			name = Debug;
		};
		AC88588A2737069A00C4C0B7 /* Release */ = {
			isa = XCBuildConfiguration;
			buildSettings = {
				ALWAYS_EMBED_SWIFT_STANDARD_LIBRARIES = YES;
				CODE_SIGN_STYLE = Automatic;
				CURRENT_PROJECT_VERSION = 1;
				GENERATE_INFOPLIST_FILE = YES;
				LD_RUNPATH_SEARCH_PATHS = (
					"$(inherited)",
					"@executable_path/Frameworks",
					"@loader_path/Frameworks",
				);
				MARKETING_VERSION = 1.0;
				PRODUCT_BUNDLE_IDENTIFIER = mawingu.mawinguUITests;
				PRODUCT_NAME = "$(TARGET_NAME)";
				SWIFT_EMIT_LOC_STRINGS = NO;
				SWIFT_VERSION = 5.0;
				TARGETED_DEVICE_FAMILY = "1,2";
				TEST_TARGET_NAME = mawingu;
			};
			name = Release;
		};
/* End XCBuildConfiguration section */

/* Begin XCConfigurationList section */
		AC8858592737069700C4C0B7 /* Build configuration list for PBXProject "mawingu" */ = {
			isa = XCConfigurationList;
			buildConfigurations = (
				AC8858802737069A00C4C0B7 /* Debug */,
				AC8858812737069A00C4C0B7 /* Release */,
			);
			defaultConfigurationIsVisible = 0;
			defaultConfigurationName = Release;
		};
		AC8858822737069A00C4C0B7 /* Build configuration list for PBXNativeTarget "mawingu" */ = {
			isa = XCConfigurationList;
			buildConfigurations = (
				AC8858832737069A00C4C0B7 /* Debug */,
				AC8858842737069A00C4C0B7 /* Release */,
			);
			defaultConfigurationIsVisible = 0;
			defaultConfigurationName = Release;
		};
		AC8858852737069A00C4C0B7 /* Build configuration list for PBXNativeTarget "mawinguTests" */ = {
			isa = XCConfigurationList;
			buildConfigurations = (
				AC8858862737069A00C4C0B7 /* Debug */,
				AC8858872737069A00C4C0B7 /* Release */,
			);
			defaultConfigurationIsVisible = 0;
			defaultConfigurationName = Release;
		};
		AC8858882737069A00C4C0B7 /* Build configuration list for PBXNativeTarget "mawinguUITests" */ = {
			isa = XCConfigurationList;
			buildConfigurations = (
				AC8858892737069A00C4C0B7 /* Debug */,
				AC88588A2737069A00C4C0B7 /* Release */,
			);
			defaultConfigurationIsVisible = 0;
			defaultConfigurationName = Release;
		};
/* End XCConfigurationList section */
	};
	rootObject = AC8858562737069700C4C0B7 /* Project object */;
}
